
Microsoft Visual Studio Solution File, Format Version 12.00
# Visual Studio Version 16
VisualStudioVersion = 16.0.30523.141
MinimumVisualStudioVersion = 10.0.40219.1
Project("{2150E333-8FDC-42A3-9474-1A3956D46DE8}") = "src", "src", "{9D4AAAB8-D8D7-41EC-93AB-FBBA08E9F112}"
EndProject
Project("{2150E333-8FDC-42A3-9474-1A3956D46DE8}") = "Building Blocks", "Building Blocks", "{40D6C2E4-4E30-4250-828B-26C097406DDA}"
EndProject
Project("{2150E333-8FDC-42A3-9474-1A3956D46DE8}") = "Services", "Services", "{D27FC001-4F66-403D-A8AD-45F073D987CE}"
EndProject
Project("{2150E333-8FDC-42A3-9474-1A3956D46DE8}") = "Web", "Web", "{F5542CF9-DA94-482A-94B2-5F5E1CC5456F}"
EndProject
Project("{2150E333-8FDC-42A3-9474-1A3956D46DE8}") = "Identidade", "Identidade", "{EB9D3D98-4A6D-4413-A45D-9BDE78D73D05}"
EndProject
Project("{FAE04EC0-301F-11D3-BF4B-00C04F79EFBC}") = "Estudos.NSE.Identidade.API", "src\services\Estudos.NSE.Identidade.API\Estudos.NSE.Identidade.API.csproj", "{63F01B86-0113-47E8-855B-235857BA7BD0}"
EndProject
Project("{2150E333-8FDC-42A3-9474-1A3956D46DE8}") = "MVC", "MVC", "{CA2A638A-1DC1-4D7B-9E68-C4A8FA011177}"
EndProject
Project("{FAE04EC0-301F-11D3-BF4B-00C04F79EFBC}") = "Estudos.NSE.WebApp.MVC", "src\web\Estudos.NSE.WebApp.MVC\Estudos.NSE.WebApp.MVC.csproj", "{C227C2F9-7415-4C6E-9E42-EACF2C33DF57}"
EndProject
Project("{2150E333-8FDC-42A3-9474-1A3956D46DE8}") = "Core", "Core", "{724EA4E6-3303-4AA4-B290-D1D8E8061B6E}"
EndProject
Project("{FAE04EC0-301F-11D3-BF4B-00C04F79EFBC}") = "Estudos.NSE.Core", "src\building blocks\Estudos.NSE.Core\Estudos.NSE.Core.csproj", "{8B7299E9-B580-4707-BC08-C3C777AB929F}"
EndProject
Project("{2150E333-8FDC-42A3-9474-1A3956D46DE8}") = "Carrinho", "Carrinho", "{251AF58D-D550-48B5-ADB8-D784A0C913AD}"
EndProject
Project("{FAE04EC0-301F-11D3-BF4B-00C04F79EFBC}") = "Estudos.NSE.Carrinho.API", "src\services\Estudos.NSE.Carrinho.API\Estudos.NSE.Carrinho.API.csproj", "{ABE65D8F-BCAD-47CD-9272-0D7BFA023FAA}"
EndProject
Project("{2150E333-8FDC-42A3-9474-1A3956D46DE8}") = "Catalogo", "Catalogo", "{0D7C516F-4B98-4E57-8B64-38A363615335}"
EndProject
Project("{FAE04EC0-301F-11D3-BF4B-00C04F79EFBC}") = "Estudos.NSE.Catalogo.API", "src\services\Estudos.NSE.Catalogo.API\Estudos.NSE.Catalogo.API.csproj", "{5074B2FF-7AFA-4464-A0D4-200ADA02D181}"
EndProject
Project("{2150E333-8FDC-42A3-9474-1A3956D46DE8}") = "Cliente", "Cliente", "{FAD388C2-2C76-40BA-853F-4EBF37CD57C0}"
EndProject
Project("{FAE04EC0-301F-11D3-BF4B-00C04F79EFBC}") = "Estudos.NSE.Cliente.API", "src\services\Estudos.NSE.Cliente.API\Estudos.NSE.Cliente.API.csproj", "{2C43D369-0580-424B-9DB0-69A739E02319}"
EndProject
Project("{2150E333-8FDC-42A3-9474-1A3956D46DE8}") = "Pagamento", "Pagamento", "{B52DD9B3-C7C4-472C-938E-AA68C11662B9}"
EndProject
Project("{FAE04EC0-301F-11D3-BF4B-00C04F79EFBC}") = "Estudos.NSE.Pagamento.API", "src\services\Estudos.NSE.Pagamento.API\Estudos.NSE.Pagamento.API.csproj", "{FC8B9055-EC41-40F3-B61F-15339A86FCF8}"
EndProject
Project("{2150E333-8FDC-42A3-9474-1A3956D46DE8}") = "Pedido", "Pedido", "{D539645C-54B1-40A2-8F5F-206FA8BB6169}"
EndProject
Project("{FAE04EC0-301F-11D3-BF4B-00C04F79EFBC}") = "Estudos.NSE.Pedido.API", "src\services\Estudos.NSE.Pedido.API\Estudos.NSE.Pedido.API.csproj", "{6652DC6A-BD1C-4E35-8A42-6877E002B6F1}"
EndProject
Global
	GlobalSection(SolutionConfigurationPlatforms) = preSolution
		Debug|Any CPU = Debug|Any CPU
		Release|Any CPU = Release|Any CPU
	EndGlobalSection
	GlobalSection(ProjectConfigurationPlatforms) = postSolution
		{63F01B86-0113-47E8-855B-235857BA7BD0}.Debug|Any CPU.ActiveCfg = Debug|Any CPU
		{63F01B86-0113-47E8-855B-235857BA7BD0}.Debug|Any CPU.Build.0 = Debug|Any CPU
		{63F01B86-0113-47E8-855B-235857BA7BD0}.Release|Any CPU.ActiveCfg = Release|Any CPU
		{63F01B86-0113-47E8-855B-235857BA7BD0}.Release|Any CPU.Build.0 = Release|Any CPU
		{C227C2F9-7415-4C6E-9E42-EACF2C33DF57}.Debug|Any CPU.ActiveCfg = Debug|Any CPU
		{C227C2F9-7415-4C6E-9E42-EACF2C33DF57}.Debug|Any CPU.Build.0 = Debug|Any CPU
		{C227C2F9-7415-4C6E-9E42-EACF2C33DF57}.Release|Any CPU.ActiveCfg = Release|Any CPU
		{C227C2F9-7415-4C6E-9E42-EACF2C33DF57}.Release|Any CPU.Build.0 = Release|Any CPU
		{8B7299E9-B580-4707-BC08-C3C777AB929F}.Debug|Any CPU.ActiveCfg = Debug|Any CPU
		{8B7299E9-B580-4707-BC08-C3C777AB929F}.Debug|Any CPU.Build.0 = Debug|Any CPU
		{8B7299E9-B580-4707-BC08-C3C777AB929F}.Release|Any CPU.ActiveCfg = Release|Any CPU
		{8B7299E9-B580-4707-BC08-C3C777AB929F}.Release|Any CPU.Build.0 = Release|Any CPU
		{ABE65D8F-BCAD-47CD-9272-0D7BFA023FAA}.Debug|Any CPU.ActiveCfg = Debug|Any CPU
		{ABE65D8F-BCAD-47CD-9272-0D7BFA023FAA}.Debug|Any CPU.Build.0 = Debug|Any CPU
		{ABE65D8F-BCAD-47CD-9272-0D7BFA023FAA}.Release|Any CPU.ActiveCfg = Release|Any CPU
		{ABE65D8F-BCAD-47CD-9272-0D7BFA023FAA}.Release|Any CPU.Build.0 = Release|Any CPU
		{5074B2FF-7AFA-4464-A0D4-200ADA02D181}.Debug|Any CPU.ActiveCfg = Debug|Any CPU
		{5074B2FF-7AFA-4464-A0D4-200ADA02D181}.Debug|Any CPU.Build.0 = Debug|Any CPU
		{5074B2FF-7AFA-4464-A0D4-200ADA02D181}.Release|Any CPU.ActiveCfg = Release|Any CPU
		{5074B2FF-7AFA-4464-A0D4-200ADA02D181}.Release|Any CPU.Build.0 = Release|Any CPU
		{2C43D369-0580-424B-9DB0-69A739E02319}.Debug|Any CPU.ActiveCfg = Debug|Any CPU
		{2C43D369-0580-424B-9DB0-69A739E02319}.Debug|Any CPU.Build.0 = Debug|Any CPU
		{2C43D369-0580-424B-9DB0-69A739E02319}.Release|Any CPU.ActiveCfg = Release|Any CPU
		{2C43D369-0580-424B-9DB0-69A739E02319}.Release|Any CPU.Build.0 = Release|Any CPU
		{FC8B9055-EC41-40F3-B61F-15339A86FCF8}.Debug|Any CPU.ActiveCfg = Debug|Any CPU
		{FC8B9055-EC41-40F3-B61F-15339A86FCF8}.Debug|Any CPU.Build.0 = Debug|Any CPU
		{FC8B9055-EC41-40F3-B61F-15339A86FCF8}.Release|Any CPU.ActiveCfg = Release|Any CPU
		{FC8B9055-EC41-40F3-B61F-15339A86FCF8}.Release|Any CPU.Build.0 = Release|Any CPU
		{6652DC6A-BD1C-4E35-8A42-6877E002B6F1}.Debug|Any CPU.ActiveCfg = Debug|Any CPU
		{6652DC6A-BD1C-4E35-8A42-6877E002B6F1}.Debug|Any CPU.Build.0 = Debug|Any CPU
		{6652DC6A-BD1C-4E35-8A42-6877E002B6F1}.Release|Any CPU.ActiveCfg = Release|Any CPU
		{6652DC6A-BD1C-4E35-8A42-6877E002B6F1}.Release|Any CPU.Build.0 = Release|Any CPU
	EndGlobalSection
	GlobalSection(SolutionProperties) = preSolution
		HideSolutionNode = FALSE
	EndGlobalSection
	GlobalSection(NestedProjects) = preSolution
		{40D6C2E4-4E30-4250-828B-26C097406DDA} = {9D4AAAB8-D8D7-41EC-93AB-FBBA08E9F112}
		{D27FC001-4F66-403D-A8AD-45F073D987CE} = {9D4AAAB8-D8D7-41EC-93AB-FBBA08E9F112}
		{F5542CF9-DA94-482A-94B2-5F5E1CC5456F} = {9D4AAAB8-D8D7-41EC-93AB-FBBA08E9F112}
		{EB9D3D98-4A6D-4413-A45D-9BDE78D73D05} = {D27FC001-4F66-403D-A8AD-45F073D987CE}
		{63F01B86-0113-47E8-855B-235857BA7BD0} = {EB9D3D98-4A6D-4413-A45D-9BDE78D73D05}
		{CA2A638A-1DC1-4D7B-9E68-C4A8FA011177} = {F5542CF9-DA94-482A-94B2-5F5E1CC5456F}
		{C227C2F9-7415-4C6E-9E42-EACF2C33DF57} = {CA2A638A-1DC1-4D7B-9E68-C4A8FA011177}
		{724EA4E6-3303-4AA4-B290-D1D8E8061B6E} = {40D6C2E4-4E30-4250-828B-26C097406DDA}
		{8B7299E9-B580-4707-BC08-C3C777AB929F} = {724EA4E6-3303-4AA4-B290-D1D8E8061B6E}
		{251AF58D-D550-48B5-ADB8-D784A0C913AD} = {D27FC001-4F66-403D-A8AD-45F073D987CE}
		{ABE65D8F-BCAD-47CD-9272-0D7BFA023FAA} = {251AF58D-D550-48B5-ADB8-D784A0C913AD}
		{0D7C516F-4B98-4E57-8B64-38A363615335} = {D27FC001-4F66-403D-A8AD-45F073D987CE}
		{5074B2FF-7AFA-4464-A0D4-200ADA02D181} = {0D7C516F-4B98-4E57-8B64-38A363615335}
		{FAD388C2-2C76-40BA-853F-4EBF37CD57C0} = {D27FC001-4F66-403D-A8AD-45F073D987CE}
		{2C43D369-0580-424B-9DB0-69A739E02319} = {FAD388C2-2C76-40BA-853F-4EBF37CD57C0}
		{B52DD9B3-C7C4-472C-938E-AA68C11662B9} = {D27FC001-4F66-403D-A8AD-45F073D987CE}
		{FC8B9055-EC41-40F3-B61F-15339A86FCF8} = {B52DD9B3-C7C4-472C-938E-AA68C11662B9}
		{D539645C-54B1-40A2-8F5F-206FA8BB6169} = {D27FC001-4F66-403D-A8AD-45F073D987CE}
		{6652DC6A-BD1C-4E35-8A42-6877E002B6F1} = {D539645C-54B1-40A2-8F5F-206FA8BB6169}
	EndGlobalSection
	GlobalSection(ExtensibilityGlobals) = postSolution
		SolutionGuid = {C870B4EF-CD5A-4E95-88A3-2ED3AC44FC17}
	EndGlobalSection
EndGlobal
